
Microsoft Visual Studio Solution File, Format Version 12.00
# Visual Studio 15
VisualStudioVersion = 15.0.28307.645
MinimumVisualStudioVersion = 10.0.40219.1
Project("{2150E333-8FDC-42A3-9474-1A3956D46DE8}") = "Injector", "Injector", "{18E65B6D-75FD-49E0-984F-4677664FC919}"
EndProject
Project("{2150E333-8FDC-42A3-9474-1A3956D46DE8}") = "Extensions", "Extensions", "{6BC1618E-5F0F-4D5A-A275-854E7D79E6E9}"
EndProject
Project("{2150E333-8FDC-42A3-9474-1A3956D46DE8}") = "Configurations", "Configurations", "{46566558-C0F8-4A1C-AEAD-B8C0EFD012D0}"
EndProject
Project("{2150E333-8FDC-42A3-9474-1A3956D46DE8}") = "WebAPI", "WebAPI", "{6E679643-7A9F-43AE-92FE-3DDA1AEE2EF1}"
EndProject
Project("{2150E333-8FDC-42A3-9474-1A3956D46DE8}") = "AssemblyLoader", "AssemblyLoader", "{2F457E89-960A-4F4C-8E5B-1EB4A0D91ABE}"
EndProject
Project("{2150E333-8FDC-42A3-9474-1A3956D46DE8}") = "Data", "Data", "{58DEEF70-E89D-4681-9501-C62B28EEA2CF}"
EndProject
Project("{2150E333-8FDC-42A3-9474-1A3956D46DE8}") = "Dapper", "Dapper", "{08E1569A-4FBD-49FD-8D13-5543D9F57B12}"
EndProject
Project("{2150E333-8FDC-42A3-9474-1A3956D46DE8}") = "EFCore", "EFCore", "{28AC5802-7318-433A-B0E4-E90788D77BE6}"
EndProject
Project("{2150E333-8FDC-42A3-9474-1A3956D46DE8}") = "Utilities", "Utilities", "{95B00EB6-46C9-4E98-81DB-7333B4BB9705}"
EndProject
Project("{2150E333-8FDC-42A3-9474-1A3956D46DE8}") = "TS", "TS", "{DBF5F75E-AE05-434C-8A69-B3783B1D4481}"
EndProject
Project("{2150E333-8FDC-42A3-9474-1A3956D46DE8}") = "Authentication", "Authentication", "{43355148-AAA3-4BBE-A5AC-C180ACB52415}"
EndProject
Project("{9A19103F-16F7-4668-BE54-9A1E7A4F7556}") = "ACoreX.Authentication.Core", "Authentication\ACoreX.Authentication.Core\ACoreX.Authentication.Core.csproj", "{0E211AAB-19B8-4549-B99A-05C907DA5083}"
EndProject
Project("{9A19103F-16F7-4668-BE54-9A1E7A4F7556}") = "ACoreX.Data.Abstractions", "Data\ACoreX.Data.Abstractions\ACoreX.Data.Abstractions.csproj", "{2F121449-50E5-4D9B-AC4C-252D89361FB9}"
EndProject
Project("{9A19103F-16F7-4668-BE54-9A1E7A4F7556}") = "ACoreX.Data.Dapper", "Data\ACoreX.Data.Dapper\ACoreX.Data.Dapper.csproj", "{8E2CE576-46B6-47FC-B220-0C5853A5DA47}"
EndProject
Project("{9A19103F-16F7-4668-BE54-9A1E7A4F7556}") = "ACoreX.Data.EFCore", "Data\ACoreX.Data.EFCore\ACoreX.Data.EFCore.csproj", "{C80411F0-A7C5-418E-9FF5-4030543C1DBD}"
EndProject
Project("{9A19103F-16F7-4668-BE54-9A1E7A4F7556}") = "ACoreX.Injector.Abstractions", "Injector\ACoreX.Injector.Abstraction\ACoreX.Injector.Abstractions.csproj", "{C2F4CCEA-D9D0-422D-AE04-6B6897E4B43D}"
EndProject
Project("{9A19103F-16F7-4668-BE54-9A1E7A4F7556}") = "ACoreX.Injector.Core", "Injector\ACoreX.Injector.Core\ACoreX.Injector.Core.csproj", "{D88112D1-3D6B-438E-A04A-B6D4F0A7F752}"
EndProject
Project("{9A19103F-16F7-4668-BE54-9A1E7A4F7556}") = "ACoreX.WebAPI", "WebAPI\ACoreX.WebAPI\ACoreX.WebAPI.csproj", "{B8060ED0-142D-4ECA-AE1B-66DB5AD1A8DF}"
EndProject
Project("{9A19103F-16F7-4668-BE54-9A1E7A4F7556}") = "TSGenerator", "Utilities\TS\Generator\TSGenerator\TSGenerator.csproj", "{EE6C733C-0EC7-4689-973F-553001713B73}"
EndProject
Project("{9A19103F-16F7-4668-BE54-9A1E7A4F7556}") = "ACoreX.Authentication.JWT", "Authentication\ACoreX.Authentication.JWT\ACoreX.Authentication.JWT.csproj", "{7CAD92CD-01AC-4BF8-AA8C-8B9335D38253}"
EndProject
Project("{9A19103F-16F7-4668-BE54-9A1E7A4F7556}") = "ACoreX.Extensions.Types", "Extensions\ACoreX.Extensions.Types\ACoreX.Extensions.Types.csproj", "{FB6E5A77-7E1A-4911-87AA-CB911B077A45}"
EndProject
Project("{9A19103F-16F7-4668-BE54-9A1E7A4F7556}") = "ACoreX.AssemblyLoader", "AssemblyLoader\ACoreX.AssemblyLoader\ACoreX.AssemblyLoader.csproj", "{75975D07-5127-47A2-9D7D-C4E2ADE2416F}"
EndProject
Project("{9A19103F-16F7-4668-BE54-9A1E7A4F7556}") = "ACoreX.Plugin", "Extensions\ACoreX.Plugin\ACoreX.Plugin.csproj", "{897E3D23-591D-490C-9173-D6DDC4EF5EED}"
EndProject
Project("{2150E333-8FDC-42A3-9474-1A3956D46DE8}") = "View", "View", "{A49E38A7-7B44-458A-9F6E-0CB7B38BFC6D}"
EndProject
Project("{9A19103F-16F7-4668-BE54-9A1E7A4F7556}") = "ACoreX.View.Status", "View\ACoreX.View.Status\ACoreX.View.Status.csproj", "{C6D6C46C-406B-4EA4-9B2F-24A6BF536D86}"
EndProject
Project("{9A19103F-16F7-4668-BE54-9A1E7A4F7556}") = "ACoreX.Authentication.Abstractions", "Authentication\ACoreX.Authentication.Abstractions\ACoreX.Authentication.Abstractions.csproj", "{DA25684D-895C-4687-B327-C687B09CE931}"
EndProject
Project("{9A19103F-16F7-4668-BE54-9A1E7A4F7556}") = "ACoreX.Configurations.Abstractions", "Configurations\ACoreX.Configurations.Abstractions\ACoreX.Configurations.Abstractions.csproj", "{570EA40B-E59E-4049-BB27-7B99AF6FA627}"
EndProject
Project("{9A19103F-16F7-4668-BE54-9A1E7A4F7556}") = "ACoreX.Extensions.Base.Abstractions", "Extensions\ACoreX.Base.BaseExtensions\ACoreX.Extensions.Base.Abstractions.csproj", "{0F8A0AE6-A487-4273-B524-DBC40A1E4389}"
EndProject
Project("{9A19103F-16F7-4668-BE54-9A1E7A4F7556}") = "CRM.Module", "..\..\acorex-backend\CRM.Module\CRM.Module.csproj", "{00FC5D95-9581-4291-B482-86ACB7C327D3}"
EndProject
Project("{9A19103F-16F7-4668-BE54-9A1E7A4F7556}") = "CRM.Module.Contracts", "..\..\acorex-backend\CRM.Module.Contracts\CRM.Module.Contracts.csproj", "{3DCC6016-2D69-4A18-A597-1350EEE1663F}"
EndProject
Global
	GlobalSection(SolutionConfigurationPlatforms) = preSolution
		Debug|Any CPU = Debug|Any CPU
		Release|Any CPU = Release|Any CPU
	EndGlobalSection
	GlobalSection(ProjectConfigurationPlatforms) = postSolution
		{0E211AAB-19B8-4549-B99A-05C907DA5083}.Debug|Any CPU.ActiveCfg = Debug|Any CPU
		{0E211AAB-19B8-4549-B99A-05C907DA5083}.Debug|Any CPU.Build.0 = Debug|Any CPU
		{0E211AAB-19B8-4549-B99A-05C907DA5083}.Release|Any CPU.ActiveCfg = Release|Any CPU
		{0E211AAB-19B8-4549-B99A-05C907DA5083}.Release|Any CPU.Build.0 = Release|Any CPU
		{2F121449-50E5-4D9B-AC4C-252D89361FB9}.Debug|Any CPU.ActiveCfg = Debug|Any CPU
		{2F121449-50E5-4D9B-AC4C-252D89361FB9}.Debug|Any CPU.Build.0 = Debug|Any CPU
		{2F121449-50E5-4D9B-AC4C-252D89361FB9}.Release|Any CPU.ActiveCfg = Release|Any CPU
		{2F121449-50E5-4D9B-AC4C-252D89361FB9}.Release|Any CPU.Build.0 = Release|Any CPU
		{8E2CE576-46B6-47FC-B220-0C5853A5DA47}.Debug|Any CPU.ActiveCfg = Debug|Any CPU
		{8E2CE576-46B6-47FC-B220-0C5853A5DA47}.Debug|Any CPU.Build.0 = Debug|Any CPU
		{8E2CE576-46B6-47FC-B220-0C5853A5DA47}.Release|Any CPU.ActiveCfg = Release|Any CPU
		{8E2CE576-46B6-47FC-B220-0C5853A5DA47}.Release|Any CPU.Build.0 = Release|Any CPU
		{C80411F0-A7C5-418E-9FF5-4030543C1DBD}.Debug|Any CPU.ActiveCfg = Debug|Any CPU
		{C80411F0-A7C5-418E-9FF5-4030543C1DBD}.Debug|Any CPU.Build.0 = Debug|Any CPU
		{C80411F0-A7C5-418E-9FF5-4030543C1DBD}.Release|Any CPU.ActiveCfg = Release|Any CPU
		{C80411F0-A7C5-418E-9FF5-4030543C1DBD}.Release|Any CPU.Build.0 = Release|Any CPU
		{C2F4CCEA-D9D0-422D-AE04-6B6897E4B43D}.Debug|Any CPU.ActiveCfg = Debug|Any CPU
		{C2F4CCEA-D9D0-422D-AE04-6B6897E4B43D}.Debug|Any CPU.Build.0 = Debug|Any CPU
		{C2F4CCEA-D9D0-422D-AE04-6B6897E4B43D}.Release|Any CPU.ActiveCfg = Release|Any CPU
		{C2F4CCEA-D9D0-422D-AE04-6B6897E4B43D}.Release|Any CPU.Build.0 = Release|Any CPU
		{D88112D1-3D6B-438E-A04A-B6D4F0A7F752}.Debug|Any CPU.ActiveCfg = Debug|Any CPU
		{D88112D1-3D6B-438E-A04A-B6D4F0A7F752}.Debug|Any CPU.Build.0 = Debug|Any CPU
		{D88112D1-3D6B-438E-A04A-B6D4F0A7F752}.Release|Any CPU.ActiveCfg = Release|Any CPU
		{D88112D1-3D6B-438E-A04A-B6D4F0A7F752}.Release|Any CPU.Build.0 = Release|Any CPU
		{B8060ED0-142D-4ECA-AE1B-66DB5AD1A8DF}.Debug|Any CPU.ActiveCfg = Debug|Any CPU
		{B8060ED0-142D-4ECA-AE1B-66DB5AD1A8DF}.Debug|Any CPU.Build.0 = Debug|Any CPU
		{B8060ED0-142D-4ECA-AE1B-66DB5AD1A8DF}.Release|Any CPU.ActiveCfg = Release|Any CPU
		{B8060ED0-142D-4ECA-AE1B-66DB5AD1A8DF}.Release|Any CPU.Build.0 = Release|Any CPU
		{EE6C733C-0EC7-4689-973F-553001713B73}.Debug|Any CPU.ActiveCfg = Debug|Any CPU
		{EE6C733C-0EC7-4689-973F-553001713B73}.Debug|Any CPU.Build.0 = Debug|Any CPU
		{EE6C733C-0EC7-4689-973F-553001713B73}.Release|Any CPU.ActiveCfg = Release|Any CPU
		{EE6C733C-0EC7-4689-973F-553001713B73}.Release|Any CPU.Build.0 = Release|Any CPU
		{7CAD92CD-01AC-4BF8-AA8C-8B9335D38253}.Debug|Any CPU.ActiveCfg = Debug|Any CPU
		{7CAD92CD-01AC-4BF8-AA8C-8B9335D38253}.Debug|Any CPU.Build.0 = Debug|Any CPU
		{7CAD92CD-01AC-4BF8-AA8C-8B9335D38253}.Release|Any CPU.ActiveCfg = Release|Any CPU
		{7CAD92CD-01AC-4BF8-AA8C-8B9335D38253}.Release|Any CPU.Build.0 = Release|Any CPU
		{FB6E5A77-7E1A-4911-87AA-CB911B077A45}.Debug|Any CPU.ActiveCfg = Debug|Any CPU
		{FB6E5A77-7E1A-4911-87AA-CB911B077A45}.Debug|Any CPU.Build.0 = Debug|Any CPU
		{FB6E5A77-7E1A-4911-87AA-CB911B077A45}.Release|Any CPU.ActiveCfg = Release|Any CPU
		{FB6E5A77-7E1A-4911-87AA-CB911B077A45}.Release|Any CPU.Build.0 = Release|Any CPU
		{75975D07-5127-47A2-9D7D-C4E2ADE2416F}.Debug|Any CPU.ActiveCfg = Debug|Any CPU
		{75975D07-5127-47A2-9D7D-C4E2ADE2416F}.Debug|Any CPU.Build.0 = Debug|Any CPU
		{75975D07-5127-47A2-9D7D-C4E2ADE2416F}.Release|Any CPU.ActiveCfg = Release|Any CPU
		{75975D07-5127-47A2-9D7D-C4E2ADE2416F}.Release|Any CPU.Build.0 = Release|Any CPU
		{897E3D23-591D-490C-9173-D6DDC4EF5EED}.Debug|Any CPU.ActiveCfg = Debug|Any CPU
		{897E3D23-591D-490C-9173-D6DDC4EF5EED}.Debug|Any CPU.Build.0 = Debug|Any CPU
		{897E3D23-591D-490C-9173-D6DDC4EF5EED}.Release|Any CPU.ActiveCfg = Release|Any CPU
		{897E3D23-591D-490C-9173-D6DDC4EF5EED}.Release|Any CPU.Build.0 = Release|Any CPU
		{C6D6C46C-406B-4EA4-9B2F-24A6BF536D86}.Debug|Any CPU.ActiveCfg = Debug|Any CPU
		{C6D6C46C-406B-4EA4-9B2F-24A6BF536D86}.Debug|Any CPU.Build.0 = Debug|Any CPU
		{C6D6C46C-406B-4EA4-9B2F-24A6BF536D86}.Release|Any CPU.ActiveCfg = Release|Any CPU
		{C6D6C46C-406B-4EA4-9B2F-24A6BF536D86}.Release|Any CPU.Build.0 = Release|Any CPU
		{DA25684D-895C-4687-B327-C687B09CE931}.Debug|Any CPU.ActiveCfg = Debug|Any CPU
		{DA25684D-895C-4687-B327-C687B09CE931}.Debug|Any CPU.Build.0 = Debug|Any CPU
		{DA25684D-895C-4687-B327-C687B09CE931}.Release|Any CPU.ActiveCfg = Release|Any CPU
		{DA25684D-895C-4687-B327-C687B09CE931}.Release|Any CPU.Build.0 = Release|Any CPU
		{570EA40B-E59E-4049-BB27-7B99AF6FA627}.Debug|Any CPU.ActiveCfg = Debug|Any CPU
		{570EA40B-E59E-4049-BB27-7B99AF6FA627}.Debug|Any CPU.Build.0 = Debug|Any CPU
		{570EA40B-E59E-4049-BB27-7B99AF6FA627}.Release|Any CPU.ActiveCfg = Release|Any CPU
		{570EA40B-E59E-4049-BB27-7B99AF6FA627}.Release|Any CPU.Build.0 = Release|Any CPU
		{0F8A0AE6-A487-4273-B524-DBC40A1E4389}.Debug|Any CPU.ActiveCfg = Debug|Any CPU
		{0F8A0AE6-A487-4273-B524-DBC40A1E4389}.Debug|Any CPU.Build.0 = Debug|Any CPU
		{0F8A0AE6-A487-4273-B524-DBC40A1E4389}.Release|Any CPU.ActiveCfg = Release|Any CPU
		{0F8A0AE6-A487-4273-B524-DBC40A1E4389}.Release|Any CPU.Build.0 = Release|Any CPU
		{00FC5D95-9581-4291-B482-86ACB7C327D3}.Debug|Any CPU.ActiveCfg = Debug|Any CPU
		{00FC5D95-9581-4291-B482-86ACB7C327D3}.Debug|Any CPU.Build.0 = Debug|Any CPU
		{00FC5D95-9581-4291-B482-86ACB7C327D3}.Release|Any CPU.ActiveCfg = Release|Any CPU
		{00FC5D95-9581-4291-B482-86ACB7C327D3}.Release|Any CPU.Build.0 = Release|Any CPU
		{3DCC6016-2D69-4A18-A597-1350EEE1663F}.Debug|Any CPU.ActiveCfg = Debug|Any CPU
		{3DCC6016-2D69-4A18-A597-1350EEE1663F}.Debug|Any CPU.Build.0 = Debug|Any CPU
		{3DCC6016-2D69-4A18-A597-1350EEE1663F}.Release|Any CPU.ActiveCfg = Release|Any CPU
		{3DCC6016-2D69-4A18-A597-1350EEE1663F}.Release|Any CPU.Build.0 = Release|Any CPU
	EndGlobalSection
	GlobalSection(SolutionProperties) = preSolution
		HideSolutionNode = FALSE
	EndGlobalSection
	GlobalSection(NestedProjects) = preSolution
		{08E1569A-4FBD-49FD-8D13-5543D9F57B12} = {58DEEF70-E89D-4681-9501-C62B28EEA2CF}
		{28AC5802-7318-433A-B0E4-E90788D77BE6} = {58DEEF70-E89D-4681-9501-C62B28EEA2CF}
		{DBF5F75E-AE05-434C-8A69-B3783B1D4481} = {95B00EB6-46C9-4E98-81DB-7333B4BB9705}
		{0E211AAB-19B8-4549-B99A-05C907DA5083} = {43355148-AAA3-4BBE-A5AC-C180ACB52415}
		{2F121449-50E5-4D9B-AC4C-252D89361FB9} = {58DEEF70-E89D-4681-9501-C62B28EEA2CF}
		{8E2CE576-46B6-47FC-B220-0C5853A5DA47} = {08E1569A-4FBD-49FD-8D13-5543D9F57B12}
		{C80411F0-A7C5-418E-9FF5-4030543C1DBD} = {28AC5802-7318-433A-B0E4-E90788D77BE6}
		{C2F4CCEA-D9D0-422D-AE04-6B6897E4B43D} = {18E65B6D-75FD-49E0-984F-4677664FC919}
		{D88112D1-3D6B-438E-A04A-B6D4F0A7F752} = {18E65B6D-75FD-49E0-984F-4677664FC919}
		{B8060ED0-142D-4ECA-AE1B-66DB5AD1A8DF} = {6E679643-7A9F-43AE-92FE-3DDA1AEE2EF1}
		{EE6C733C-0EC7-4689-973F-553001713B73} = {DBF5F75E-AE05-434C-8A69-B3783B1D4481}
		{7CAD92CD-01AC-4BF8-AA8C-8B9335D38253} = {43355148-AAA3-4BBE-A5AC-C180ACB52415}
		{FB6E5A77-7E1A-4911-87AA-CB911B077A45} = {6BC1618E-5F0F-4D5A-A275-854E7D79E6E9}
		{75975D07-5127-47A2-9D7D-C4E2ADE2416F} = {2F457E89-960A-4F4C-8E5B-1EB4A0D91ABE}
		{897E3D23-591D-490C-9173-D6DDC4EF5EED} = {6BC1618E-5F0F-4D5A-A275-854E7D79E6E9}
		{C6D6C46C-406B-4EA4-9B2F-24A6BF536D86} = {A49E38A7-7B44-458A-9F6E-0CB7B38BFC6D}
		{DA25684D-895C-4687-B327-C687B09CE931} = {43355148-AAA3-4BBE-A5AC-C180ACB52415}
		{570EA40B-E59E-4049-BB27-7B99AF6FA627} = {46566558-C0F8-4A1C-AEAD-B8C0EFD012D0}
		{0F8A0AE6-A487-4273-B524-DBC40A1E4389} = {6BC1618E-5F0F-4D5A-A275-854E7D79E6E9}
		{00FC5D95-9581-4291-B482-86ACB7C327D3} = {A49E38A7-7B44-458A-9F6E-0CB7B38BFC6D}
		{3DCC6016-2D69-4A18-A597-1350EEE1663F} = {A49E38A7-7B44-458A-9F6E-0CB7B38BFC6D}
	EndGlobalSection
	GlobalSection(ExtensibilityGlobals) = postSolution
		SolutionGuid = {95BF9AF2-B3CE-40DE-A48B-1BFD960CC0E8}
	EndGlobalSection
EndGlobal
